// !$*UTF8*$!
{
	archiveVersion = 1;
	classes = {
	};
	objectVersion = 52;
	objects = {

/* Begin PBXBuildFile section */
		914E6251268617F30093F8E0 /* DilExTracker.xcdatamodeld in Sources */ = {isa = PBXBuildFile; fileRef = 914E623B268617F00093F8E0 /* DilExTracker.xcdatamodeld */; };
		914E6252268617F30093F8E0 /* DilExTracker.xcdatamodeld in Sources */ = {isa = PBXBuildFile; fileRef = 914E623B268617F00093F8E0 /* DilExTracker.xcdatamodeld */; };
		914E6253268617F30093F8E0 /* DilExTrackerApp.swift in Sources */ = {isa = PBXBuildFile; fileRef = 914E623D268617F00093F8E0 /* DilExTrackerApp.swift */; };
		914E6254268617F30093F8E0 /* DilExTrackerApp.swift in Sources */ = {isa = PBXBuildFile; fileRef = 914E623D268617F00093F8E0 /* DilExTrackerApp.swift */; };
		914E6255268617F30093F8E0 /* ContentView.swift in Sources */ = {isa = PBXBuildFile; fileRef = 914E623E268617F00093F8E0 /* ContentView.swift */; };
		914E6256268617F30093F8E0 /* ContentView.swift in Sources */ = {isa = PBXBuildFile; fileRef = 914E623E268617F00093F8E0 /* ContentView.swift */; };
		914E6257268617F30093F8E0 /* Persistence.swift in Sources */ = {isa = PBXBuildFile; fileRef = 914E623F268617F00093F8E0 /* Persistence.swift */; };
		914E6258268617F30093F8E0 /* Persistence.swift in Sources */ = {isa = PBXBuildFile; fileRef = 914E623F268617F00093F8E0 /* Persistence.swift */; };
		914E6259268617F30093F8E0 /* Assets.xcassets in Resources */ = {isa = PBXBuildFile; fileRef = 914E6240268617F30093F8E0 /* Assets.xcassets */; };
		914E625A268617F30093F8E0 /* Assets.xcassets in Resources */ = {isa = PBXBuildFile; fileRef = 914E6240268617F30093F8E0 /* Assets.xcassets */; };
		914E6267268627230093F8E0 /* DataView.swift in Sources */ = {isa = PBXBuildFile; fileRef = 914E6266268627230093F8E0 /* DataView.swift */; };
		914E626A268628CD0093F8E0 /* OrderedCollections in Frameworks */ = {isa = PBXBuildFile; productRef = 914E6269268628CD0093F8E0 /* OrderedCollections */; };
		916A20B526A420BA004AD69F /* DilExManager.swift in Sources */ = {isa = PBXBuildFile; fileRef = 916A20B426A420BA004AD69F /* DilExManager.swift */; };
		916A20B626A420BB004AD69F /* DilExManager.swift in Sources */ = {isa = PBXBuildFile; fileRef = 916A20B426A420BA004AD69F /* DilExManager.swift */; };
		91A3DEB52687C3F400D88C7C /* Charts in Frameworks */ = {isa = PBXBuildFile; productRef = 91A3DEB42687C3F400D88C7C /* Charts */; };
		91A3DEB72687C5A700D88C7C /* LineChartSwiftUIView.swift in Sources */ = {isa = PBXBuildFile; fileRef = 91A3DEB62687C5A700D88C7C /* LineChartSwiftUIView.swift */; };
		91F8ED2F26A60CB7003F1A96 /* Constants.swift in Sources */ = {isa = PBXBuildFile; fileRef = 91F8ED2E26A60CB7003F1A96 /* Constants.swift */; };
		91F8ED3026A60CB7003F1A96 /* Constants.swift in Sources */ = {isa = PBXBuildFile; fileRef = 91F8ED2E26A60CB7003F1A96 /* Constants.swift */; };
/* End PBXBuildFile section */

/* Begin PBXCopyFilesBuildPhase section */
		91B50224268B1F48007BD3F6 /* Embed App Extensions */ = {
			isa = PBXCopyFilesBuildPhase;
			buildActionMask = 2147483647;
			dstPath = "";
			dstSubfolderSpec = 13;
			files = (
			);
			name = "Embed App Extensions";
			runOnlyForDeploymentPostprocessing = 0;
		};
/* End PBXCopyFilesBuildPhase section */

/* Begin PBXFileReference section */
		914E623C268617F00093F8E0 /* Shared.xcdatamodel */ = {isa = PBXFileReference; lastKnownFileType = wrapper.xcdatamodel; path = Shared.xcdatamodel; sourceTree = "<group>"; };
		914E623D268617F00093F8E0 /* DilExTrackerApp.swift */ = {isa = PBXFileReference; lastKnownFileType = sourcecode.swift; path = DilExTrackerApp.swift; sourceTree = "<group>"; };
		914E623E268617F00093F8E0 /* ContentView.swift */ = {isa = PBXFileReference; lastKnownFileType = sourcecode.swift; path = ContentView.swift; sourceTree = "<group>"; };
		914E623F268617F00093F8E0 /* Persistence.swift */ = {isa = PBXFileReference; lastKnownFileType = sourcecode.swift; path = Persistence.swift; sourceTree = "<group>"; };
		914E6240268617F30093F8E0 /* Assets.xcassets */ = {isa = PBXFileReference; lastKnownFileType = folder.assetcatalog; path = Assets.xcassets; sourceTree = "<group>"; };
		914E6245268617F30093F8E0 /* DilExTracker.app */ = {isa = PBXFileReference; explicitFileType = wrapper.application; includeInIndex = 0; path = DilExTracker.app; sourceTree = BUILT_PRODUCTS_DIR; };
		914E6248268617F30093F8E0 /* Info.plist */ = {isa = PBXFileReference; lastKnownFileType = text.plist.xml; path = Info.plist; sourceTree = "<group>"; };
		914E624D268617F30093F8E0 /* DilExTracker.app */ = {isa = PBXFileReference; explicitFileType = wrapper.application; includeInIndex = 0; path = DilExTracker.app; sourceTree = BUILT_PRODUCTS_DIR; };
		914E624F268617F30093F8E0 /* Info.plist */ = {isa = PBXFileReference; lastKnownFileType = text.plist.xml; path = Info.plist; sourceTree = "<group>"; };
		914E6250268617F30093F8E0 /* macOS.entitlements */ = {isa = PBXFileReference; lastKnownFileType = text.plist.entitlements; path = macOS.entitlements; sourceTree = "<group>"; };
		914E6266268627230093F8E0 /* DataView.swift */ = {isa = PBXFileReference; lastKnownFileType = sourcecode.swift; path = DataView.swift; sourceTree = "<group>"; };
		916A20B426A420BA004AD69F /* DilExManager.swift */ = {isa = PBXFileReference; lastKnownFileType = sourcecode.swift; path = DilExManager.swift; sourceTree = "<group>"; };
		91A3DEB62687C5A700D88C7C /* LineChartSwiftUIView.swift */ = {isa = PBXFileReference; lastKnownFileType = sourcecode.swift; path = LineChartSwiftUIView.swift; sourceTree = "<group>"; };
		91B50214268B1F44007BD3F6 /* WidgetKit.framework */ = {isa = PBXFileReference; lastKnownFileType = wrapper.framework; name = WidgetKit.framework; path = System/Library/Frameworks/WidgetKit.framework; sourceTree = SDKROOT; };
		91B50216268B1F44007BD3F6 /* SwiftUI.framework */ = {isa = PBXFileReference; lastKnownFileType = wrapper.framework; name = SwiftUI.framework; path = System/Library/Frameworks/SwiftUI.framework; sourceTree = SDKROOT; };
		91F8ED2E26A60CB7003F1A96 /* Constants.swift */ = {isa = PBXFileReference; lastKnownFileType = sourcecode.swift; path = Constants.swift; sourceTree = "<group>"; };
/* End PBXFileReference section */

/* Begin PBXFrameworksBuildPhase section */
		914E6242268617F30093F8E0 /* Frameworks */ = {
			isa = PBXFrameworksBuildPhase;
			buildActionMask = 2147483647;
			files = (
				914E626A268628CD0093F8E0 /* OrderedCollections in Frameworks */,
				91A3DEB52687C3F400D88C7C /* Charts in Frameworks */,
			);
			runOnlyForDeploymentPostprocessing = 0;
		};
		914E624A268617F30093F8E0 /* Frameworks */ = {
			isa = PBXFrameworksBuildPhase;
			buildActionMask = 2147483647;
			files = (
			);
			runOnlyForDeploymentPostprocessing = 0;
		};
/* End PBXFrameworksBuildPhase section */

/* Begin PBXGroup section */
		914E6235268617F00093F8E0 = {
			isa = PBXGroup;
			children = (
				914E623A268617F00093F8E0 /* Shared */,
				914E6247268617F30093F8E0 /* iOS */,
				914E624E268617F30093F8E0 /* macOS */,
				91B50213268B1F44007BD3F6 /* Frameworks */,
				914E6246268617F30093F8E0 /* Products */,
			);
			sourceTree = "<group>";
		};
		914E623A268617F00093F8E0 /* Shared */ = {
			isa = PBXGroup;
			children = (
				914E623D268617F00093F8E0 /* DilExTrackerApp.swift */,
				916A20B426A420BA004AD69F /* DilExManager.swift */,
				91F8ED2E26A60CB7003F1A96 /* Constants.swift */,
				914E623E268617F00093F8E0 /* ContentView.swift */,
				914E623F268617F00093F8E0 /* Persistence.swift */,
				914E6240268617F30093F8E0 /* Assets.xcassets */,
				914E623B268617F00093F8E0 /* DilExTracker.xcdatamodeld */,
			);
			path = Shared;
			sourceTree = "<group>";
		};
		914E6246268617F30093F8E0 /* Products */ = {
			isa = PBXGroup;
			children = (
				914E6245268617F30093F8E0 /* DilExTracker.app */,
				914E624D268617F30093F8E0 /* DilExTracker.app */,
			);
			name = Products;
			sourceTree = "<group>";
		};
		914E6247268617F30093F8E0 /* iOS */ = {
			isa = PBXGroup;
			children = (
				914E6266268627230093F8E0 /* DataView.swift */,
				91A3DEB62687C5A700D88C7C /* LineChartSwiftUIView.swift */,
				914E6248268617F30093F8E0 /* Info.plist */,
			);
			path = iOS;
			sourceTree = "<group>";
		};
		914E624E268617F30093F8E0 /* macOS */ = {
			isa = PBXGroup;
			children = (
				914E624F268617F30093F8E0 /* Info.plist */,
				914E6250268617F30093F8E0 /* macOS.entitlements */,
			);
			path = macOS;
			sourceTree = "<group>";
		};
		91B50213268B1F44007BD3F6 /* Frameworks */ = {
			isa = PBXGroup;
			children = (
				91B50214268B1F44007BD3F6 /* WidgetKit.framework */,
				91B50216268B1F44007BD3F6 /* SwiftUI.framework */,
			);
			name = Frameworks;
			sourceTree = "<group>";
		};
/* End PBXGroup section */

/* Begin PBXNativeTarget section */
		914E6244268617F30093F8E0 /* DilExTracker (iOS) */ = {
			isa = PBXNativeTarget;
			buildConfigurationList = 914E625D268617F30093F8E0 /* Build configuration list for PBXNativeTarget "DilExTracker (iOS)" */;
			buildPhases = (
				914E6241268617F30093F8E0 /* Sources */,
				914E6242268617F30093F8E0 /* Frameworks */,
				914E6243268617F30093F8E0 /* Resources */,
				91B50224268B1F48007BD3F6 /* Embed App Extensions */,
			);
			buildRules = (
			);
			dependencies = (
			);
			name = "DilExTracker (iOS)";
			packageProductDependencies = (
				914E6269268628CD0093F8E0 /* OrderedCollections */,
				91A3DEB42687C3F400D88C7C /* Charts */,
			);
			productName = "DilExTracker (iOS)";
			productReference = 914E6245268617F30093F8E0 /* DilExTracker.app */;
			productType = "com.apple.product-type.application";
		};
		914E624C268617F30093F8E0 /* DilExTracker (macOS) */ = {
			isa = PBXNativeTarget;
			buildConfigurationList = 914E6260268617F30093F8E0 /* Build configuration list for PBXNativeTarget "DilExTracker (macOS)" */;
			buildPhases = (
				914E6249268617F30093F8E0 /* Sources */,
				914E624A268617F30093F8E0 /* Frameworks */,
				914E624B268617F30093F8E0 /* Resources */,
			);
			buildRules = (
			);
			dependencies = (
			);
			name = "DilExTracker (macOS)";
			productName = "DilExTracker (macOS)";
			productReference = 914E624D268617F30093F8E0 /* DilExTracker.app */;
			productType = "com.apple.product-type.application";
		};
/* End PBXNativeTarget section */

/* Begin PBXProject section */
		914E6236268617F00093F8E0 /* Project object */ = {
			isa = PBXProject;
			attributes = {
				LastSwiftUpdateCheck = 1250;
				LastUpgradeCheck = 1250;
				TargetAttributes = {
					914E6244268617F30093F8E0 = {
						CreatedOnToolsVersion = 12.5;
					};
					914E624C268617F30093F8E0 = {
						CreatedOnToolsVersion = 12.5;
					};
				};
			};
			buildConfigurationList = 914E6239268617F00093F8E0 /* Build configuration list for PBXProject "DilExTracker" */;
			compatibilityVersion = "Xcode 9.3";
			developmentRegion = en;
			hasScannedForEncodings = 0;
			knownRegions = (
				en,
				Base,
			);
			mainGroup = 914E6235268617F00093F8E0;
			packageReferences = (
				914E6268268628CD0093F8E0 /* XCRemoteSwiftPackageReference "swift-collections" */,
				91A3DEB32687C3F400D88C7C /* XCRemoteSwiftPackageReference "charts" */,
			);
			productRefGroup = 914E6246268617F30093F8E0 /* Products */;
			projectDirPath = "";
			projectRoot = "";
			targets = (
				914E6244268617F30093F8E0 /* DilExTracker (iOS) */,
				914E624C268617F30093F8E0 /* DilExTracker (macOS) */,
			);
		};
/* End PBXProject section */

/* Begin PBXResourcesBuildPhase section */
		914E6243268617F30093F8E0 /* Resources */ = {
			isa = PBXResourcesBuildPhase;
			buildActionMask = 2147483647;
			files = (
				914E6259268617F30093F8E0 /* Assets.xcassets in Resources */,
			);
			runOnlyForDeploymentPostprocessing = 0;
		};
		914E624B268617F30093F8E0 /* Resources */ = {
			isa = PBXResourcesBuildPhase;
			buildActionMask = 2147483647;
			files = (
				914E625A268617F30093F8E0 /* Assets.xcassets in Resources */,
			);
			runOnlyForDeploymentPostprocessing = 0;
		};
/* End PBXResourcesBuildPhase section */

/* Begin PBXSourcesBuildPhase section */
		914E6241268617F30093F8E0 /* Sources */ = {
			isa = PBXSourcesBuildPhase;
			buildActionMask = 2147483647;
			files = (
				914E6267268627230093F8E0 /* DataView.swift in Sources */,
				914E6251268617F30093F8E0 /* DilExTracker.xcdatamodeld in Sources */,
				91A3DEB72687C5A700D88C7C /* LineChartSwiftUIView.swift in Sources */,
				916A20B526A420BA004AD69F /* DilExManager.swift in Sources */,
				914E6257268617F30093F8E0 /* Persistence.swift in Sources */,
				914E6253268617F30093F8E0 /* DilExTrackerApp.swift in Sources */,
				914E6255268617F30093F8E0 /* ContentView.swift in Sources */,
				91F8ED2F26A60CB7003F1A96 /* Constants.swift in Sources */,
			);
			runOnlyForDeploymentPostprocessing = 0;
		};
		914E6249268617F30093F8E0 /* Sources */ = {
			isa = PBXSourcesBuildPhase;
			buildActionMask = 2147483647;
			files = (
				914E6252268617F30093F8E0 /* DilExTracker.xcdatamodeld in Sources */,
				916A20B626A420BB004AD69F /* DilExManager.swift in Sources */,
				914E6258268617F30093F8E0 /* Persistence.swift in Sources */,
				914E6254268617F30093F8E0 /* DilExTrackerApp.swift in Sources */,
				914E6256268617F30093F8E0 /* ContentView.swift in Sources */,
				91F8ED3026A60CB7003F1A96 /* Constants.swift in Sources */,
			);
			runOnlyForDeploymentPostprocessing = 0;
		};
/* End PBXSourcesBuildPhase section */

/* Begin XCBuildConfiguration section */
		914E625B268617F30093F8E0 /* Debug */ = {
			isa = XCBuildConfiguration;
			buildSettings = {
				ALWAYS_SEARCH_USER_PATHS = NO;
				CLANG_ANALYZER_NONNULL = YES;
				CLANG_ANALYZER_NUMBER_OBJECT_CONVERSION = YES_AGGRESSIVE;
				CLANG_CXX_LANGUAGE_STANDARD = "gnu++14";
				CLANG_CXX_LIBRARY = "libc++";
				CLANG_ENABLE_MODULES = YES;
				CLANG_ENABLE_OBJC_ARC = YES;
				CLANG_ENABLE_OBJC_WEAK = YES;
				CLANG_WARN_BLOCK_CAPTURE_AUTORELEASING = YES;
				CLANG_WARN_BOOL_CONVERSION = YES;
				CLANG_WARN_COMMA = YES;
				CLANG_WARN_CONSTANT_CONVERSION = YES;
				CLANG_WARN_DEPRECATED_OBJC_IMPLEMENTATIONS = YES;
				CLANG_WARN_DIRECT_OBJC_ISA_USAGE = YES_ERROR;
				CLANG_WARN_DOCUMENTATION_COMMENTS = YES;
				CLANG_WARN_EMPTY_BODY = YES;
				CLANG_WARN_ENUM_CONVERSION = YES;
				CLANG_WARN_INFINITE_RECURSION = YES;
				CLANG_WARN_INT_CONVERSION = YES;
				CLANG_WARN_NON_LITERAL_NULL_CONVERSION = YES;
				CLANG_WARN_OBJC_IMPLICIT_RETAIN_SELF = YES;
				CLANG_WARN_OBJC_LITERAL_CONVERSION = YES;
				CLANG_WARN_OBJC_ROOT_CLASS = YES_ERROR;
				CLANG_WARN_QUOTED_INCLUDE_IN_FRAMEWORK_HEADER = YES;
				CLANG_WARN_RANGE_LOOP_ANALYSIS = YES;
				CLANG_WARN_STRICT_PROTOTYPES = YES;
				CLANG_WARN_SUSPICIOUS_MOVE = YES;
				CLANG_WARN_UNGUARDED_AVAILABILITY = YES_AGGRESSIVE;
				CLANG_WARN_UNREACHABLE_CODE = YES;
				CLANG_WARN__DUPLICATE_METHOD_MATCH = YES;
				COPY_PHASE_STRIP = NO;
				DEBUG_INFORMATION_FORMAT = dwarf;
				ENABLE_STRICT_OBJC_MSGSEND = YES;
				ENABLE_TESTABILITY = YES;
				GCC_C_LANGUAGE_STANDARD = gnu11;
				GCC_DYNAMIC_NO_PIC = NO;
				GCC_NO_COMMON_BLOCKS = YES;
				GCC_OPTIMIZATION_LEVEL = 0;
				GCC_PREPROCESSOR_DEFINITIONS = (
					"DEBUG=1",
					"$(inherited)",
				);
				GCC_WARN_64_TO_32_BIT_CONVERSION = YES;
				GCC_WARN_ABOUT_RETURN_TYPE = YES_ERROR;
				GCC_WARN_UNDECLARED_SELECTOR = YES;
				GCC_WARN_UNINITIALIZED_AUTOS = YES_AGGRESSIVE;
				GCC_WARN_UNUSED_FUNCTION = YES;
				GCC_WARN_UNUSED_VARIABLE = YES;
				MTL_ENABLE_DEBUG_INFO = INCLUDE_SOURCE;
				MTL_FAST_MATH = YES;
				ONLY_ACTIVE_ARCH = YES;
				SWIFT_ACTIVE_COMPILATION_CONDITIONS = DEBUG;
				SWIFT_OPTIMIZATION_LEVEL = "-Onone";
			};
			name = Debug;
		};
		914E625C268617F30093F8E0 /* Release */ = {
			isa = XCBuildConfiguration;
			buildSettings = {
				ALWAYS_SEARCH_USER_PATHS = NO;
				CLANG_ANALYZER_NONNULL = YES;
				CLANG_ANALYZER_NUMBER_OBJECT_CONVERSION = YES_AGGRESSIVE;
				CLANG_CXX_LANGUAGE_STANDARD = "gnu++14";
				CLANG_CXX_LIBRARY = "libc++";
				CLANG_ENABLE_MODULES = YES;
				CLANG_ENABLE_OBJC_ARC = YES;
				CLANG_ENABLE_OBJC_WEAK = YES;
				CLANG_WARN_BLOCK_CAPTURE_AUTORELEASING = YES;
				CLANG_WARN_BOOL_CONVERSION = YES;
				CLANG_WARN_COMMA = YES;
				CLANG_WARN_CONSTANT_CONVERSION = YES;
				CLANG_WARN_DEPRECATED_OBJC_IMPLEMENTATIONS = YES;
				CLANG_WARN_DIRECT_OBJC_ISA_USAGE = YES_ERROR;
				CLANG_WARN_DOCUMENTATION_COMMENTS = YES;
				CLANG_WARN_EMPTY_BODY = YES;
				CLANG_WARN_ENUM_CONVERSION = YES;
				CLANG_WARN_INFINITE_RECURSION = YES;
				CLANG_WARN_INT_CONVERSION = YES;
				CLANG_WARN_NON_LITERAL_NULL_CONVERSION = YES;
				CLANG_WARN_OBJC_IMPLICIT_RETAIN_SELF = YES;
				CLANG_WARN_OBJC_LITERAL_CONVERSION = YES;
				CLANG_WARN_OBJC_ROOT_CLASS = YES_ERROR;
				CLANG_WARN_QUOTED_INCLUDE_IN_FRAMEWORK_HEADER = YES;
				CLANG_WARN_RANGE_LOOP_ANALYSIS = YES;
				CLANG_WARN_STRICT_PROTOTYPES = YES;
				CLANG_WARN_SUSPICIOUS_MOVE = YES;
				CLANG_WARN_UNGUARDED_AVAILABILITY = YES_AGGRESSIVE;
				CLANG_WARN_UNREACHABLE_CODE = YES;
				CLANG_WARN__DUPLICATE_METHOD_MATCH = YES;
				COPY_PHASE_STRIP = NO;
				DEBUG_INFORMATION_FORMAT = "dwarf-with-dsym";
				ENABLE_NS_ASSERTIONS = NO;
				ENABLE_STRICT_OBJC_MSGSEND = YES;
				GCC_C_LANGUAGE_STANDARD = gnu11;
				GCC_NO_COMMON_BLOCKS = YES;
				GCC_WARN_64_TO_32_BIT_CONVERSION = YES;
				GCC_WARN_ABOUT_RETURN_TYPE = YES_ERROR;
				GCC_WARN_UNDECLARED_SELECTOR = YES;
				GCC_WARN_UNINITIALIZED_AUTOS = YES_AGGRESSIVE;
				GCC_WARN_UNUSED_FUNCTION = YES;
				GCC_WARN_UNUSED_VARIABLE = YES;
				MTL_ENABLE_DEBUG_INFO = NO;
				MTL_FAST_MATH = YES;
				SWIFT_COMPILATION_MODE = wholemodule;
				SWIFT_OPTIMIZATION_LEVEL = "-O";
			};
			name = Release;
		};
		914E625E268617F30093F8E0 /* Debug */ = {
			isa = XCBuildConfiguration;
			buildSettings = {
				ALWAYS_EMBED_SWIFT_STANDARD_LIBRARIES = YES;
				ASSETCATALOG_COMPILER_APPICON_NAME = AppIcon;
				ASSETCATALOG_COMPILER_GLOBAL_ACCENT_COLOR_NAME = AccentColor;
				CODE_SIGN_STYLE = Automatic;
				DEVELOPMENT_TEAM = SDPTWQFVDC;
				ENABLE_PREVIEWS = YES;
				INFOPLIST_FILE = iOS/Info.plist;
				IPHONEOS_DEPLOYMENT_TARGET = 14.0;
				LD_RUNPATH_SEARCH_PATHS = (
					"$(inherited)",
					"@executable_path/Frameworks",
				);
				PRODUCT_BUNDLE_IDENTIFIER = "anachronistic-tech.DilExTracker";
				PRODUCT_NAME = DilExTracker;
				SDKROOT = iphoneos;
				SWIFT_VERSION = 5.0;
				TARGETED_DEVICE_FAMILY = "1,2";
			};
			name = Debug;
		};
		914E625F268617F30093F8E0 /* Release */ = {
			isa = XCBuildConfiguration;
			buildSettings = {
				ALWAYS_EMBED_SWIFT_STANDARD_LIBRARIES = YES;
				ASSETCATALOG_COMPILER_APPICON_NAME = AppIcon;
				ASSETCATALOG_COMPILER_GLOBAL_ACCENT_COLOR_NAME = AccentColor;
				CODE_SIGN_STYLE = Automatic;
				DEVELOPMENT_TEAM = SDPTWQFVDC;
				ENABLE_PREVIEWS = YES;
				INFOPLIST_FILE = iOS/Info.plist;
				IPHONEOS_DEPLOYMENT_TARGET = 14.0;
				LD_RUNPATH_SEARCH_PATHS = (
					"$(inherited)",
					"@executable_path/Frameworks",
				);
				PRODUCT_BUNDLE_IDENTIFIER = "anachronistic-tech.DilExTracker";
				PRODUCT_NAME = DilExTracker;
				SDKROOT = iphoneos;
				SWIFT_VERSION = 5.0;
				TARGETED_DEVICE_FAMILY = "1,2";
				VALIDATE_PRODUCT = YES;
			};
			name = Release;
		};
		914E6261268617F30093F8E0 /* Debug */ = {
			isa = XCBuildConfiguration;
			buildSettings = {
				ASSETCATALOG_COMPILER_APPICON_NAME = AppIcon;
				ASSETCATALOG_COMPILER_GLOBAL_ACCENT_COLOR_NAME = AccentColor;
				CODE_SIGN_ENTITLEMENTS = macOS/macOS.entitlements;
				CODE_SIGN_IDENTITY = "-";
				CODE_SIGN_STYLE = Automatic;
				COMBINE_HIDPI_IMAGES = YES;
				DEVELOPMENT_TEAM = SDPTWQFVDC;
				ENABLE_HARDENED_RUNTIME = YES;
				ENABLE_PREVIEWS = YES;
				INFOPLIST_FILE = macOS/Info.plist;
				LD_RUNPATH_SEARCH_PATHS = (
					"$(inherited)",
					"@executable_path/../Frameworks",
				);
				MACOSX_DEPLOYMENT_TARGET = 11.0;
				PRODUCT_BUNDLE_IDENTIFIER = "anachronistic-tech.DilExTracker";
				PRODUCT_NAME = DilExTracker;
				SDKROOT = macosx;
				SWIFT_VERSION = 5.0;
			};
			name = Debug;
		};
		914E6262268617F30093F8E0 /* Release */ = {
			isa = XCBuildConfiguration;
			buildSettings = {
				ASSETCATALOG_COMPILER_APPICON_NAME = AppIcon;
				ASSETCATALOG_COMPILER_GLOBAL_ACCENT_COLOR_NAME = AccentColor;
				CODE_SIGN_ENTITLEMENTS = macOS/macOS.entitlements;
				CODE_SIGN_IDENTITY = "-";
				CODE_SIGN_STYLE = Automatic;
				COMBINE_HIDPI_IMAGES = YES;
				DEVELOPMENT_TEAM = SDPTWQFVDC;
				ENABLE_HARDENED_RUNTIME = YES;
				ENABLE_PREVIEWS = YES;
				INFOPLIST_FILE = macOS/Info.plist;
				LD_RUNPATH_SEARCH_PATHS = (
					"$(inherited)",
					"@executable_path/../Frameworks",
				);
				MACOSX_DEPLOYMENT_TARGET = 11.0;
				PRODUCT_BUNDLE_IDENTIFIER = "anachronistic-tech.DilExTracker";
				PRODUCT_NAME = DilExTracker;
				SDKROOT = macosx;
				SWIFT_VERSION = 5.0;
			};
			name = Release;
		};
/* End XCBuildConfiguration section */

/* Begin XCConfigurationList section */
		914E6239268617F00093F8E0 /* Build configuration list for PBXProject "DilExTracker" */ = {
			isa = XCConfigurationList;
			buildConfigurations = (
				914E625B268617F30093F8E0 /* Debug */,
				914E625C268617F30093F8E0 /* Release */,
			);
			defaultConfigurationIsVisible = 0;
			defaultConfigurationName = Release;
		};
		914E625D268617F30093F8E0 /* Build configuration list for PBXNativeTarget "DilExTracker (iOS)" */ = {
			isa = XCConfigurationList;
			buildConfigurations = (
				914E625E268617F30093F8E0 /* Debug */,
				914E625F268617F30093F8E0 /* Release */,
			);
			defaultConfigurationIsVisible = 0;
			defaultConfigurationName = Release;
		};
		914E6260268617F30093F8E0 /* Build configuration list for PBXNativeTarget "DilExTracker (macOS)" */ = {
			isa = XCConfigurationList;
			buildConfigurations = (
				914E6261268617F30093F8E0 /* Debug */,
				914E6262268617F30093F8E0 /* Release */,
			);
			defaultConfigurationIsVisible = 0;
			defaultConfigurationName = Release;
		};
/* End XCConfigurationList section */

/* Begin XCRemoteSwiftPackageReference section */
		914E6268268628CD0093F8E0 /* XCRemoteSwiftPackageReference "swift-collections" */ = {
			isa = XCRemoteSwiftPackageReference;
			repositoryURL = "https://github.com/apple/swift-collections";
			requirement = {
				kind = upToNextMajorVersion;
				minimumVersion = 0.0.3;
			};
		};
		91A3DEB32687C3F400D88C7C /* XCRemoteSwiftPackageReference "charts" */ = {
			isa = XCRemoteSwiftPackageReference;
			repositoryURL = "https://github.com/danielgindi/charts";
			requirement = {
				kind = upToNextMajorVersion;
				minimumVersion = 4.0.1;
			};
		};
/* End XCRemoteSwiftPackageReference section */

/* Begin XCSwiftPackageProductDependency section */
		914E6269268628CD0093F8E0 /* OrderedCollections */ = {
			isa = XCSwiftPackageProductDependency;
			package = 914E6268268628CD0093F8E0 /* XCRemoteSwiftPackageReference "swift-collections" */;
			productName = OrderedCollections;
		};
		91A3DEB42687C3F400D88C7C /* Charts */ = {
			isa = XCSwiftPackageProductDependency;
			package = 91A3DEB32687C3F400D88C7C /* XCRemoteSwiftPackageReference "charts" */;
			productName = Charts;
		};
/* End XCSwiftPackageProductDependency section */

/* Begin XCVersionGroup section */
		914E623B268617F00093F8E0 /* DilExTracker.xcdatamodeld */ = {
			isa = XCVersionGroup;
			children = (
				914E623C268617F00093F8E0 /* Shared.xcdatamodel */,
			);
			currentVersion = 914E623C268617F00093F8E0 /* Shared.xcdatamodel */;
			path = DilExTracker.xcdatamodeld;
			sourceTree = "<group>";
			versionGroupType = wrapper.xcdatamodel;
		};
/* End XCVersionGroup section */
	};
	rootObject = 914E6236268617F00093F8E0 /* Project object */;
}
